
Microsoft Visual Studio Solution File, Format Version 12.00
# Visual Studio Version 16
VisualStudioVersion = 16.0.32228.343
MinimumVisualStudioVersion = 10.0.40219.1
Project("{FAE04EC0-301F-11D3-BF4B-00C04F79EFBC}") = "Lab12", "Lab12.csproj", "{0B227774-0B36-4DA6-B220-A9DA93A3E1C8}"
EndProject
Global
	GlobalSection(SolutionConfigurationPlatforms) = preSolution
		Debug|Any CPU = Debug|Any CPU
		Release|Any CPU = Release|Any CPU
	EndGlobalSection
	GlobalSection(ProjectConfigurationPlatforms) = postSolution
		{0B227774-0B36-4DA6-B220-A9DA93A3E1C8}.Debug|Any CPU.ActiveCfg = Debug|Any CPU
		{0B227774-0B36-4DA6-B220-A9DA93A3E1C8}.Debug|Any CPU.Build.0 = Debug|Any CPU
		{0B227774-0B36-4DA6-B220-A9DA93A3E1C8}.Release|Any CPU.ActiveCfg = Release|Any CPU
		{0B227774-0B36-4DA6-B220-A9DA93A3E1C8}.Release|Any CPU.Build.0 = Release|Any CPU
	EndGlobalSection
	GlobalSection(SolutionProperties) = preSolution
		HideSolutionNode = FALSE
	EndGlobalSection
	GlobalSection(ExtensibilityGlobals) = postSolution
		SolutionGuid = {C96E2518-84B0-482C-A390-7D118F0DEF03}
	EndGlobalSection
EndGlobal
