
Microsoft Visual Studio Solution File, Format Version 12.00
# Visual Studio Version 16
VisualStudioVersion = 16.0.32228.343
MinimumVisualStudioVersion = 10.0.40219.1
Project("{FAE04EC0-301F-11D3-BF4B-00C04F79EFBC}") = "Lab08", "Lab08.csproj", "{319DD3D0-6E01-435D-9500-F2F3084BBA50}"
EndProject
Global
	GlobalSection(SolutionConfigurationPlatforms) = preSolution
		Debug|Any CPU = Debug|Any CPU
		Release|Any CPU = Release|Any CPU
	EndGlobalSection
	GlobalSection(ProjectConfigurationPlatforms) = postSolution
		{319DD3D0-6E01-435D-9500-F2F3084BBA50}.Debug|Any CPU.ActiveCfg = Debug|Any CPU
		{319DD3D0-6E01-435D-9500-F2F3084BBA50}.Debug|Any CPU.Build.0 = Debug|Any CPU
		{319DD3D0-6E01-435D-9500-F2F3084BBA50}.Release|Any CPU.ActiveCfg = Release|Any CPU
		{319DD3D0-6E01-435D-9500-F2F3084BBA50}.Release|Any CPU.Build.0 = Release|Any CPU
	EndGlobalSection
	GlobalSection(SolutionProperties) = preSolution
		HideSolutionNode = FALSE
	EndGlobalSection
	GlobalSection(ExtensibilityGlobals) = postSolution
		SolutionGuid = {7C006CDB-DE8A-4360-A2D3-0D4D44EFDEE7}
	EndGlobalSection
EndGlobal
